// !$*UTF8*$!
{
	archiveVersion = 1;
	classes = {
	};
	objectVersion = 46;
	objects = {

/* Begin PBXBuildFile section */
		7A229B501EAE07B500EE7460 /* AppDelegate.swift in Sources */ = {isa = PBXBuildFile; fileRef = 7A229B4F1EAE07B500EE7460 /* AppDelegate.swift */; };
		7A229B521EAE07B500EE7460 /* ViewController.swift in Sources */ = {isa = PBXBuildFile; fileRef = 7A229B511EAE07B500EE7460 /* ViewController.swift */; };
		7A229B551EAE07B500EE7460 /* Main.storyboard in Resources */ = {isa = PBXBuildFile; fileRef = 7A229B531EAE07B500EE7460 /* Main.storyboard */; };
		7A229B571EAE07B500EE7460 /* Assets.xcassets in Resources */ = {isa = PBXBuildFile; fileRef = 7A229B561EAE07B500EE7460 /* Assets.xcassets */; };
		7A229B5A1EAE07B500EE7460 /* LaunchScreen.storyboard in Resources */ = {isa = PBXBuildFile; fileRef = 7A229B581EAE07B500EE7460 /* LaunchScreen.storyboard */; };
/* End PBXBuildFile section */

/* Begin PBXFileReference section */
		7A229B4C1EAE07B500EE7460 /* BlurEffect.app */ = {isa = PBXFileReference; explicitFileType = wrapper.application; includeInIndex = 0; path = BlurEffect.app; sourceTree = BUILT_PRODUCTS_DIR; };
		7A229B4F1EAE07B500EE7460 /* AppDelegate.swift */ = {isa = PBXFileReference; lastKnownFileType = sourcecode.swift; path = AppDelegate.swift; sourceTree = "<group>"; };
		7A229B511EAE07B500EE7460 /* ViewController.swift */ = {isa = PBXFileReference; lastKnownFileType = sourcecode.swift; path = ViewController.swift; sourceTree = "<group>"; };
		7A229B541EAE07B500EE7460 /* Base */ = {isa = PBXFileReference; lastKnownFileType = file.storyboard; name = Base; path = Base.lproj/Main.storyboard; sourceTree = "<group>"; };
		7A229B561EAE07B500EE7460 /* Assets.xcassets */ = {isa = PBXFileReference; lastKnownFileType = folder.assetcatalog; path = Assets.xcassets; sourceTree = "<group>"; };
		7A229B591EAE07B500EE7460 /* Base */ = {isa = PBXFileReference; lastKnownFileType = file.storyboard; name = Base; path = Base.lproj/LaunchScreen.storyboard; sourceTree = "<group>"; };
		7A229B5B1EAE07B500EE7460 /* Info.plist */ = {isa = PBXFileReference; lastKnownFileType = text.plist.xml; path = Info.plist; sourceTree = "<group>"; };
/* End PBXFileReference section */

/* Begin PBXFrameworksBuildPhase section */
		7A229B491EAE07B500EE7460 /* Frameworks */ = {
			isa = PBXFrameworksBuildPhase;
			buildActionMask = 2147483647;
			files = (
			);
			runOnlyForDeploymentPostprocessing = 0;
		};
/* End PBXFrameworksBuildPhase section */

/* Begin PBXGroup section */
		7A229B431EAE07B500EE7460 = {
			isa = PBXGroup;
			children = (
				7A229B4E1EAE07B500EE7460 /* BlurEffect */,
				7A229B4D1EAE07B500EE7460 /* Products */,
			);
			sourceTree = "<group>";
		};
		7A229B4D1EAE07B500EE7460 /* Products */ = {
			isa = PBXGroup;
			children = (
				7A229B4C1EAE07B500EE7460 /* BlurEffect.app */,
			);
			name = Products;
			sourceTree = "<group>";
		};
		7A229B4E1EAE07B500EE7460 /* BlurEffect */ = {
			isa = PBXGroup;
			children = (
				7A229B4F1EAE07B500EE7460 /* AppDelegate.swift */,
				7A229B511EAE07B500EE7460 /* ViewController.swift */,
				7A229B531EAE07B500EE7460 /* Main.storyboard */,
				7A229B561EAE07B500EE7460 /* Assets.xcassets */,
				7A229B581EAE07B500EE7460 /* LaunchScreen.storyboard */,
				7A229B5B1EAE07B500EE7460 /* Info.plist */,
			);
			path = BlurEffect;
			sourceTree = "<group>";
		};
/* End PBXGroup section */

/* Begin PBXNativeTarget section */
		7A229B4B1EAE07B500EE7460 /* BlurEffect */ = {
			isa = PBXNativeTarget;
			buildConfigurationList = 7A229B5E1EAE07B500EE7460 /* Build configuration list for PBXNativeTarget "BlurEffect" */;
			buildPhases = (
				7A229B481EAE07B500EE7460 /* Sources */,
				7A229B491EAE07B500EE7460 /* Frameworks */,
				7A229B4A1EAE07B500EE7460 /* Resources */,
			);
			buildRules = (
			);
			dependencies = (
			);
			name = BlurEffect;
			productName = BlurEffect;
			productReference = 7A229B4C1EAE07B500EE7460 /* BlurEffect.app */;
			productType = "com.apple.product-type.application";
		};
/* End PBXNativeTarget section */

/* Begin PBXProject section */
		7A229B441EAE07B500EE7460 /* Project object */ = {
			isa = PBXProject;
			attributes = {
				LastSwiftUpdateCheck = 0830;
				LastUpgradeCheck = 0830;
				ORGANIZATIONNAME = 01HW934413;
				TargetAttributes = {
					7A229B4B1EAE07B500EE7460 = {
						CreatedOnToolsVersion = 8.3.1;
						DevelopmentTeam = DSRD6624UQ;
						ProvisioningStyle = Automatic;
					};
				};
			};
			buildConfigurationList = 7A229B471EAE07B500EE7460 /* Build configuration list for PBXProject "BlurEffect" */;
			compatibilityVersion = "Xcode 3.2";
			developmentRegion = English;
			hasScannedForEncodings = 0;
			knownRegions = (
				en,
				Base,
			);
			mainGroup = 7A229B431EAE07B500EE7460;
			productRefGroup = 7A229B4D1EAE07B500EE7460 /* Products */;
			projectDirPath = "";
			projectRoot = "";
			targets = (
				7A229B4B1EAE07B500EE7460 /* BlurEffect */,
			);
		};
/* End PBXProject section */

/* Begin PBXResourcesBuildPhase section */
		7A229B4A1EAE07B500EE7460 /* Resources */ = {
			isa = PBXResourcesBuildPhase;
			buildActionMask = 2147483647;
			files = (
				7A229B5A1EAE07B500EE7460 /* LaunchScreen.storyboard in Resources */,
				7A229B571EAE07B500EE7460 /* Assets.xcassets in Resources */,
				7A229B551EAE07B500EE7460 /* Main.storyboard in Resources */,
			);
			runOnlyForDeploymentPostprocessing = 0;
		};
/* End PBXResourcesBuildPhase section */

/* Begin PBXSourcesBuildPhase section */
		7A229B481EAE07B500EE7460 /* Sources */ = {
			isa = PBXSourcesBuildPhase;
			buildActionMask = 2147483647;
			files = (
				7A229B521EAE07B500EE7460 /* ViewController.swift in Sources */,
				7A229B501EAE07B500EE7460 /* AppDelegate.swift in Sources */,
			);
			runOnlyForDeploymentPostprocessing = 0;
		};
/* End PBXSourcesBuildPhase section */

/* Begin PBXVariantGroup section */
		7A229B531EAE07B500EE7460 /* Main.storyboard */ = {
			isa = PBXVariantGroup;
			children = (
				7A229B541EAE07B500EE7460 /* Base */,
			);
			name = Main.storyboard;
			sourceTree = "<group>";
		};
		7A229B581EAE07B500EE7460 /* LaunchScreen.storyboard */ = {
			isa = PBXVariantGroup;
			children = (
				7A229B591EAE07B500EE7460 /* Base */,
			);
			name = LaunchScreen.storyboard;
			sourceTree = "<group>";
		};
/* End PBXVariantGroup section */

/* Begin XCBuildConfiguration section */
		7A229B5C1EAE07B500EE7460 /* Debug */ = {
			isa = XCBuildConfiguration;
			buildSettings = {
				ALWAYS_SEARCH_USER_PATHS = NO;
				CLANG_ANALYZER_NONNULL = YES;
				CLANG_ANALYZER_NUMBER_OBJECT_CONVERSION = YES_AGGRESSIVE;
				CLANG_CXX_LANGUAGE_STANDARD = "gnu++0x";
				CLANG_CXX_LIBRARY = "libc++";
				CLANG_ENABLE_MODULES = YES;
				CLANG_ENABLE_OBJC_ARC = YES;
				CLANG_WARN_BOOL_CONVERSION = YES;
				CLANG_WARN_CONSTANT_CONVERSION = YES;
				CLANG_WARN_DIRECT_OBJC_ISA_USAGE = YES_ERROR;
				CLANG_WARN_DOCUMENTATION_COMMENTS = YES;
				CLANG_WARN_EMPTY_BODY = YES;
				CLANG_WARN_ENUM_CONVERSION = YES;
				CLANG_WARN_INFINITE_RECURSION = YES;
				CLANG_WARN_INT_CONVERSION = YES;
				CLANG_WARN_OBJC_ROOT_CLASS = YES_ERROR;
				CLANG_WARN_SUSPICIOUS_MOVE = YES;
				CLANG_WARN_UNREACHABLE_CODE = YES;
				CLANG_WARN__DUPLICATE_METHOD_MATCH = YES;
				"CODE_SIGN_IDENTITY[sdk=iphoneos*]" = "iPhone Developer";
				COPY_PHASE_STRIP = NO;
				DEBUG_INFORMATION_FORMAT = dwarf;
				ENABLE_STRICT_OBJC_MSGSEND = YES;
				ENABLE_TESTABILITY = YES;
				GCC_C_LANGUAGE_STANDARD = gnu99;
				GCC_DYNAMIC_NO_PIC = NO;
				GCC_NO_COMMON_BLOCKS = YES;
				GCC_OPTIMIZATION_LEVEL = 0;
				GCC_PREPROCESSOR_DEFINITIONS = (
					"DEBUG=1",
					"$(inherited)",
				);
				GCC_WARN_64_TO_32_BIT_CONVERSION = YES;
				GCC_WARN_ABOUT_RETURN_TYPE = YES_ERROR;
				GCC_WARN_UNDECLARED_SELECTOR = YES;
				GCC_WARN_UNINITIALIZED_AUTOS = YES_AGGRESSIVE;
				GCC_WARN_UNUSED_FUNCTION = YES;
				GCC_WARN_UNUSED_VARIABLE = YES;
				IPHONEOS_DEPLOYMENT_TARGET = 10.3;
				MTL_ENABLE_DEBUG_INFO = YES;
				ONLY_ACTIVE_ARCH = YES;
				SDKROOT = iphoneos;
				SWIFT_ACTIVE_COMPILATION_CONDITIONS = DEBUG;
				SWIFT_OPTIMIZATION_LEVEL = "-Onone";
			};
			name = Debug;
		};
		7A229B5D1EAE07B500EE7460 /* Release */ = {
			isa = XCBuildConfiguration;
			buildSettings = {
				ALWAYS_SEARCH_USER_PATHS = NO;
				CLANG_ANALYZER_NONNULL = YES;
				CLANG_ANALYZER_NUMBER_OBJECT_CONVERSION = YES_AGGRESSIVE;
				CLANG_CXX_LANGUAGE_STANDARD = "gnu++0x";
				CLANG_CXX_LIBRARY = "libc++";
				CLANG_ENABLE_MODULES = YES;
				CLANG_ENABLE_OBJC_ARC = YES;
				CLANG_WARN_BOOL_CONVERSION = YES;
				CLANG_WARN_CONSTANT_CONVERSION = YES;
				CLANG_WARN_DIRECT_OBJC_ISA_USAGE = YES_ERROR;
				CLANG_WARN_DOCUMENTATION_COMMENTS = YES;
				CLANG_WARN_EMPTY_BODY = YES;
				CLANG_WARN_ENUM_CONVERSION = YES;
				CLANG_WARN_INFINITE_RECURSION = YES;
				CLANG_WARN_INT_CONVERSION = YES;
				CLANG_WARN_OBJC_ROOT_CLASS = YES_ERROR;
				CLANG_WARN_SUSPICIOUS_MOVE = YES;
				CLANG_WARN_UNREACHABLE_CODE = YES;
				CLANG_WARN__DUPLICATE_METHOD_MATCH = YES;
				"CODE_SIGN_IDENTITY[sdk=iphoneos*]" = "iPhone Developer";
				COPY_PHASE_STRIP = NO;
				DEBUG_INFORMATION_FORMAT = "dwarf-with-dsym";
				ENABLE_NS_ASSERTIONS = NO;
				ENABLE_STRICT_OBJC_MSGSEND = YES;
				GCC_C_LANGUAGE_STANDARD = gnu99;
				GCC_NO_COMMON_BLOCKS = YES;
				GCC_WARN_64_TO_32_BIT_CONVERSION = YES;
				GCC_WARN_ABOUT_RETURN_TYPE = YES_ERROR;
				GCC_WARN_UNDECLARED_SELECTOR = YES;
				GCC_WARN_UNINITIALIZED_AUTOS = YES_AGGRESSIVE;
				GCC_WARN_UNUSED_FUNCTION = YES;
				GCC_WARN_UNUSED_VARIABLE = YES;
				IPHONEOS_DEPLOYMENT_TARGET = 10.3;
				MTL_ENABLE_DEBUG_INFO = NO;
				SDKROOT = iphoneos;
				SWIFT_OPTIMIZATION_LEVEL = "-Owholemodule";
				VALIDATE_PRODUCT = YES;
			};
			name = Release;
		};
		7A229B5F1EAE07B500EE7460 /* Debug */ = {
			isa = XCBuildConfiguration;
			buildSettings = {
				ASSETCATALOG_COMPILER_APPICON_NAME = AppIcon;
				DEVELOPMENT_TEAM = DSRD6624UQ;
				INFOPLIST_FILE = BlurEffect/Info.plist;
				IPHONEOS_DEPLOYMENT_TARGET = 10.0;
				LD_RUNPATH_SEARCH_PATHS = "$(inherited) @executable_path/Frameworks";
				PRODUCT_BUNDLE_IDENTIFIER = com.learning.subhadeep.BlurEffect;
				PRODUCT_NAME = "$(TARGET_NAME)";
				SWIFT_VERSION = 3.0;
			};
			name = Debug;
		};
		7A229B601EAE07B500EE7460 /* Release */ = {
			isa = XCBuildConfiguration;
			buildSettings = {
				ASSETCATALOG_COMPILER_APPICON_NAME = AppIcon;
				DEVELOPMENT_TEAM = DSRD6624UQ;
				INFOPLIST_FILE = BlurEffect/Info.plist;
				IPHONEOS_DEPLOYMENT_TARGET = 10.0;
				LD_RUNPATH_SEARCH_PATHS = "$(inherited) @executable_path/Frameworks";
				PRODUCT_BUNDLE_IDENTIFIER = com.learning.subhadeep.BlurEffect;
				PRODUCT_NAME = "$(TARGET_NAME)";
				SWIFT_VERSION = 3.0;
			};
			name = Release;
		};
/* End XCBuildConfiguration section */

/* Begin XCConfigurationList section */
		7A229B471EAE07B500EE7460 /* Build configuration list for PBXProject "BlurEffect" */ = {
			isa = XCConfigurationList;
			buildConfigurations = (
				7A229B5C1EAE07B500EE7460 /* Debug */,
				7A229B5D1EAE07B500EE7460 /* Release */,
			);
			defaultConfigurationIsVisible = 0;
			defaultConfigurationName = Release;
		};
		7A229B5E1EAE07B500EE7460 /* Build configuration list for PBXNativeTarget "BlurEffect" */ = {
			isa = XCConfigurationList;
			buildConfigurations = (
				7A229B5F1EAE07B500EE7460 /* Debug */,
				7A229B601EAE07B500EE7460 /* Release */,
			);
			defaultConfigurationIsVisible = 0;
			defaultConfigurationName = Release;
		};
/* End XCConfigurationList section */
	};
	rootObject = 7A229B441EAE07B500EE7460 /* Project object */;
}
